{
  "version": 4,
  "terraform_version": "1.1.7",
  "serial": 9,
  "lineage": "034dd72c-659f-bd57-5a13-a341e512be52",
  "outputs": {},
  "resources": [
    {
      "mode": "managed",
      "type": "google_container_cluster",
      "name": "default",
      "provider": "provider[\"registry.terraform.io/hashicorp/google\"]",
      "instances": [
        {
          "schema_version": 1,
          "attributes": {
            "addons_config": [
              {
                "cloudrun_config": [],
                "horizontal_pod_autoscaling": [],
                "http_load_balancing": [],
                "network_policy_config": [
                  {
                    "disabled": true
                  }
                ]
              }
            ],
            "authenticator_groups_config": [],
            "cluster_autoscaling": [
              {
                "auto_provisioning_defaults": [],
                "enabled": false,
                "resource_limits": []
              }
            ],
            "cluster_ipv4_cidr": "10.8.0.0/14",
            "database_encryption": [
              {
                "key_name": "",
                "state": "DECRYPTED"
              }
            ],
            "default_max_pods_per_node": 110,
            "description": "Test GKE Cluster",
            "enable_binary_authorization": false,
            "enable_intranode_visibility": null,
            "enable_kubernetes_alpha": false,
            "enable_legacy_abac": false,
            "enable_shielded_nodes": false,
            "enable_tpu": null,
            "endpoint": "35.234.85.44",
            "id": "projects/idyllic-silicon-343409/locations/europe-west3-a/clusters/test-cluster",
            "initial_node_count": 2,
            "instance_group_urls": [],
            "ip_allocation_policy": [
              {
                "cluster_ipv4_cidr_block": "10.8.0.0/14",
                "cluster_secondary_range_name": "gke-test-cluster-pods-cac4dd9b",
                "services_ipv4_cidr_block": "10.12.0.0/20",
                "services_secondary_range_name": "gke-test-cluster-services-cac4dd9b"
              }
            ],
            "label_fingerprint": "a9dc16a7",
            "location": "europe-west3-a",
            "logging_service": "logging.googleapis.com/kubernetes",
            "maintenance_policy": [],
            "master_auth": [
              {
                "client_certificate": "",
                "client_certificate_config": [
                  {
                    "issue_client_certificate": false
                  }
                ],
                "client_key": "",
                "cluster_ca_certificate": "LS0tLS1CRUdJTiBDRVJUSUZJQ0FURS0tLS0tCk1JSUVMRENDQXBTZ0F3SUJBZ0lRVE5mMmJQSUFRK0RtRGU2ejlrb0FqVEFOQmdrcWhraUc5dzBCQVFzRkFEQXYKTVMwd0t3WURWUVFERXlReE5ESmlZMk00T1MwMFpqbGpMVFEzT1RVdFlqUm1aQzFsTkRNM1pEWTFZV1E1WVRndwpJQmNOTWpJd016QTNNVFkwTmpNeFdoZ1BNakExTWpBeU1qZ3hOelEyTXpGYU1DOHhMVEFyQmdOVkJBTVRKREUwCk1tSmpZemc1TFRSbU9XTXRORGM1TlMxaU5HWmtMV1UwTXpka05qVmhaRGxoT0RDQ0FhSXdEUVlKS29aSWh2Y04KQVFFQkJRQURnZ0dQQURDQ0FZb0NnZ0dCQU1GS2FTaEdsQ0p4Z2tnWVhjV3RYRmg4SEQzdnNxV3BnTHdab3FnawpackJJRUFUK1E5M1FTWmg5QTkyc0JvdnJKM0pQcW0zTmhmZjc5elJwQ05EYmNuSGRvZ1c2KzlwbHBXaktKTSswCnRxWFFtRWZtTm5tdU81YVdHbEJMdFRWb2FZODR0QW9vWG9GMEFpZFdjaVk0RmtyVUMrMVZVbnBGdnpwTnd3dGUKN3dJQjdONENDdkJaU1lnNit4eEVnWlpLMlNDS0RwS2Jsa25XNis5Mm12OXZWejZ4OTRJWmNBbUh4V2pUc0pPWApHaFNJRTVJMXBuUHJ1Z3JiOFFBKy9HaEpKTTFlY0QzNTVnTWtSR09OcVZaeXVONWpmcklUb1lzSEwyVncxQnFCCnc5b2N0RUdMWGpyWWZKZmcwY1NoRDdyTk93ZThUSzZ2RE9VM1hRRENoK1BiczdsaFpyUmpQOWlMMWE5WVNnUmcKc3h0YnNVYUdBL2xNMmNzb1ZWb3AydFBsajZqUmFYZUhpMzVoL2RsZXE3MStxcGptcHRkWjJMc1R0c203dlo4WQpQN0l6SDJ5SmF1bHNjc21ueGNBNm1CeFJIZ2RmT29wb1N6SEdlVHVoU0JRS1dXQzVsWjZZOGJ4OFlMNlJSQjRyCktpdElNbjZ2czlNdTdUd1RvcjA1enhwNWJ3SURBUUFCbzBJd1FEQU9CZ05WSFE4QkFmOEVCQU1DQWdRd0R3WUQKVlIwVEFRSC9CQVV3QXdFQi96QWRCZ05WSFE0RUZnUVVFbE5hemluSnRHN2Mvc2NEczNEeDZqZVlGME13RFFZSgpLb1pJaHZjTkFRRUxCUUFEZ2dHQkFIdS82KzRWQnExK01vc2dqY2lMRGx0YzJ5TEZyd1JTSVhCbE4rdXdWVUUyCjJrZWV6Vm11VHFUMmlxNW5TWk1xYVYrMnNkc2YwQ1B0dmRZb2RiV2YyZkowa0dwYVFHMlBZcFF2TC9GcndxMTEKbUd4NHZJcXd3L0pGenhNVmJ2dHlxMVpEcitzYVJnVjVYdFNsNkE0MFVpZUpoRjE5KzBJNy95SldKYVhZd0lWTgpBaW1IeDcxNWtJZVJrV3ZrNjd1MHBLY0laKzZBSnBhQzFHbHcrd1RMZTUyeHo5cVpWRkRoMWFMeUlTbmp3ZnNmClJrbnE1RkRpWE8zRWRkbjBleUdNcVNaZUZCNWxrYmpoSlZIbUlvWEhVZC8zdkdWRDFrWkUzMWFRNWpTMFoyR0oKOWNNc2h3NEp5MHFNM2RIdWJhVmIzYlBKS3lHbjJKdDB3VTlLTTBrSGFjWGR6NWRobXRpMm5aNUFMWi9ZanMvbgpKUWZnN0cvS2p6U2tvT3V6V0ozUFlORjdiLzh5SXE5ME5yQkd1OWNhZEcrOEIxVE9pRGxtSmFWRm4yRVpya1FiCjdNN3ZrSzkrT3Z1QnNhK2FFZ29rdmhIY096ZGM5cWxLQWxKaDdZaEtuVmtSTHpqeTRSajU3QWRQVUtUMy9RUEMKZGdsclIrak5WWGFybkFKdEJNc3A3UT09Ci0tLS0tRU5EIENFUlRJRklDQVRFLS0tLS0K",
                "password": "",
                "username": ""
              }
            ],
            "master_authorized_networks_config": [],
            "master_version": "1.21.6-gke.1503",
            "min_master_version": null,
            "monitoring_service": "monitoring.googleapis.com/kubernetes",
            "name": "test-cluster",
            "network": "projects/idyllic-silicon-343409/global/networks/default",
            "network_policy": [
              {
                "enabled": false,
                "provider": "PROVIDER_UNSPECIFIED"
              }
            ],
            "node_config": [],
            "node_locations": [],
            "node_pool": [],
            "node_version": "1.21.6-gke.1503",
            "operation": null,
            "pod_security_policy_config": [],
            "private_cluster_config": [],
            "project": "idyllic-silicon-343409",
            "release_channel": [
              {
                "channel": "REGULAR"
              }
            ],
            "remove_default_node_pool": true,
            "resource_labels": null,
            "resource_usage_export_config": [],
            "self_link": "https://container.googleapis.com/v1beta1/projects/idyllic-silicon-343409/zones/europe-west3-a/clusters/test-cluster",
            "services_ipv4_cidr": "10.12.0.0/20",
            "subnetwork": "projects/idyllic-silicon-343409/regions/europe-west3/subnetworks/default",
            "timeouts": null,
            "vertical_pod_autoscaling": [],
            "workload_identity_config": []
          },
          "sensitive_attributes": [],
          "private": "eyJlMmJmYjczMC1lY2FhLTExZTYtOGY4OC0zNDM2M2JjN2M0YzAiOnsiY3JlYXRlIjoyNDAwMDAwMDAwMDAwLCJkZWxldGUiOjI0MDAwMDAwMDAwMDAsInJlYWQiOjI0MDAwMDAwMDAwMDAsInVwZGF0ZSI6MzYwMDAwMDAwMDAwMH0sInNjaGVtYV92ZXJzaW9uIjoiMSJ9"
        }
      ]
    },
    {
      "mode": "managed",
      "type": "google_container_node_pool",
      "name": "default",
      "provider": "provider[\"registry.terraform.io/hashicorp/google\"]",
      "instances": [
        {
          "status": "tainted",
          "schema_version": 1,
          "attributes": {
            "autoscaling": [
              {
                "max_node_count": 4,
                "min_node_count": 2
              }
            ],
            "cluster": "test-cluster",
            "id": "projects/idyllic-silicon-343409/locations/europe-west3-a/clusters/test-cluster/nodePools/test-cluster-node-pool",
            "initial_node_count": null,
            "instance_group_urls": null,
            "location": "europe-west3-a",
            "management": null,
            "max_pods_per_node": null,
            "name": "test-cluster-node-pool",
            "name_prefix": null,
            "node_config": [
              {
                "disk_size_gb": 0,
                "disk_type": "",
                "guest_accelerator": [],
                "image_type": "",
                "labels": {},
                "local_ssd_count": 0,
                "machine_type": "e2-standard-4",
                "metadata": {
                  "disable-legacy-endpoints": "true"
                },
                "min_cpu_platform": "",
                "oauth_scopes": [
                  "https://www.googleapis.com/auth/devstorage",
                  "https://www.googleapis.com/auth/logging.write",
                  "https://www.googleapis.com/auth/monitoring"
                ],
                "preemptible": true,
                "service_account": "",
                "shielded_instance_config": [],
                "tags": null,
                "taint": [],
                "workload_metadata_config": []
              }
            ],
            "node_count": 1,
            "node_locations": [],
            "project": "idyllic-silicon-343409",
            "timeouts": null,
            "upgrade_settings": null,
            "version": null
          },
          "sensitive_attributes": [],
          "private": "eyJlMmJmYjczMC1lY2FhLTExZTYtOGY4OC0zNDM2M2JjN2M0YzAiOnsiY3JlYXRlIjoxODAwMDAwMDAwMDAwLCJkZWxldGUiOjE4MDAwMDAwMDAwMDAsInVwZGF0ZSI6MTgwMDAwMDAwMDAwMH0sInNjaGVtYV92ZXJzaW9uIjoiMSJ9",
          "dependencies": [
            "google_container_cluster.default"
          ]
        }
      ]
    }
  ]
}
