{
  "version": 4,
  "terraform_version": "1.1.7",
  "serial": 13,
  "lineage": "034dd72c-659f-bd57-5a13-a341e512be52",
  "outputs": {},
  "resources": [
    {
      "mode": "managed",
      "type": "google_container_cluster",
      "name": "default",
      "provider": "provider[\"registry.terraform.io/hashicorp/google\"]",
      "instances": [
        {
          "schema_version": 1,
          "attributes": {
            "addons_config": [
              {
                "cloudrun_config": [],
                "horizontal_pod_autoscaling": [],
                "http_load_balancing": [],
                "network_policy_config": [
                  {
                    "disabled": true
                  }
                ]
              }
            ],
            "authenticator_groups_config": [],
            "cluster_autoscaling": [
              {
                "auto_provisioning_defaults": [],
                "enabled": false,
                "resource_limits": []
              }
            ],
            "cluster_ipv4_cidr": "10.8.0.0/14",
            "database_encryption": [
              {
                "key_name": "",
                "state": "DECRYPTED"
              }
            ],
            "default_max_pods_per_node": 110,
            "description": "Test GKE Cluster",
            "enable_binary_authorization": false,
            "enable_intranode_visibility": null,
            "enable_kubernetes_alpha": false,
            "enable_legacy_abac": false,
            "enable_shielded_nodes": false,
            "enable_tpu": null,
            "endpoint": "35.198.172.39",
            "id": "projects/idyllic-silicon-343409/locations/europe-west3-a/clusters/test-cluster",
            "initial_node_count": 2,
            "instance_group_urls": [],
            "ip_allocation_policy": [
              {
                "cluster_ipv4_cidr_block": "10.8.0.0/14",
                "cluster_secondary_range_name": "gke-test-cluster-pods-be3e2324",
                "services_ipv4_cidr_block": "10.12.0.0/20",
                "services_secondary_range_name": "gke-test-cluster-services-be3e2324"
              }
            ],
            "label_fingerprint": "a9dc16a7",
            "location": "europe-west3-a",
            "logging_service": "logging.googleapis.com/kubernetes",
            "maintenance_policy": [],
            "master_auth": [
              {
                "client_certificate": "",
                "client_certificate_config": [
                  {
                    "issue_client_certificate": false
                  }
                ],
                "client_key": "",
                "cluster_ca_certificate": "LS0tLS1CRUdJTiBDRVJUSUZJQ0FURS0tLS0tCk1JSUVMRENDQXBTZ0F3SUJBZ0lRT1VHcHZueXIyb3JlajRwakl5a0hMVEFOQmdrcWhraUc5dzBCQVFzRkFEQXYKTVMwd0t3WURWUVFERXlRM056SmxOemMwWVMxbU56TmxMVFExT1dNdFlqQmpaUzA0TmpKaE5EWXdZV0kzTkRJdwpJQmNOTWpJd016QTNNVFkxTnpJeVdoZ1BNakExTWpBeU1qZ3hOelUzTWpKYU1DOHhMVEFyQmdOVkJBTVRKRGMzCk1tVTNOelJoTFdZM00yVXRORFU1WXkxaU1HTmxMVGcyTW1FME5qQmhZamMwTWpDQ0FhSXdEUVlKS29aSWh2Y04KQVFFQkJRQURnZ0dQQURDQ0FZb0NnZ0dCQU0vVnlJWFA2Mmpka1hzUitRUVZyUWtQYnBxTG1EUUdJRTVZZDhjZApTTzN5aEZSM2N3bHZleUtMTUNPd2JTdTBaTGVqVU9FcER2R0NlNUZqWUZNbjdaaEU1VUxUcHZabFFLL1I5R3RyCjhXcndrZERLZHlWVGZpN1VyQ1ZxMkdoTEdRRnRQODNjcWhaVUhCYk1jcGR4Y1FiWHZOODM5V0h2UWNaMG9CZWoKZXJRcm9kQWlkK044Ynk0Si9DU1kzNzBqbk9tbVdQM0dQYVN0YVo1Z29aZWNjL1lMQlR1bjFNcE9xR1dGTHdWUwpyaVdzS0RDaytrR2Q4ZDQzM05XVEh4bzUwaDZlLy9DWDNDMmNkbEh2bGlFTEZzTW9kVnlIaVNPNDRUTGNxRzZ1CjJxYzUyTk9jU3MvVnJ0RmRSZUFqTnZJWlZpNm4vU0VkMStTSkUxSVN1SkttU1gzdll2clhhL25iT2F1MnVxeXEKbXhuNjhZOUczd1EzVG4wQjRCMTdJTzc3cUwzRi81Yk51TE1xV1RPVGFWaWlxWS81ZlRzVFNscVRKTnFMZWVBTQpsaVQrM0U5ZnZCSTBOQkZwMElOWUI5V21hY01LYkQ1bWhkVVdOelZMOGtNS3d0STVtcUd5YUpFalVkWnVxYnJxClNheFBucU4wTGlKZUFSUXVmb216NHpTb09RSURBUUFCbzBJd1FEQU9CZ05WSFE4QkFmOEVCQU1DQWdRd0R3WUQKVlIwVEFRSC9CQVV3QXdFQi96QWRCZ05WSFE0RUZnUVVWK1dNSjNzVVplQWF3L3ZxM1FiYUl2N09pK2N3RFFZSgpLb1pJaHZjTkFRRUxCUUFEZ2dHQkFJYVc2NFUzaFh1V2hjRzRUNUU5bmdUS0Z6MURZR2VlZzh3QmF1ZzMxVnk4CnV2WE5GM3JlQy9JNTlzMm9wRHBBUDhQbFZoV3NGTUpRMEM4OHpJcjBsS3EwYmRKN0c1RWJldzYyRWNEclc0TmwKZ0ZKenJ5NGVaYmJrSWNWN1BiU1ZNbmlrL1pGY0paQThzeFFCWEEvMHRtK3NPVFRqOXc2ZXgwTGh2MEh1S2tKTAowSFE5cUg0VklESUQzV1NFVXNNRHVKVUwzL3BndncrWVpaSFlzVGhMYUpOak9Xb3dZRmhlUStNWlVWbEZUdlN0CkNJRTRYMmYxbWQyVWd2a3BHMWtjQ1lRbE90U3graFVNM244N0k5NUcrdFpsRHh1NkErYzkrUkQ1R1FneHdTUjUKRmhlM21jUCt6eWkxRXZlSm1jZlRVOWZWSWErQmlVNUlCb1E4VzJabHdQOUZEYis3aTlUOFY1MWVDRjdIS0dHYQpxeC9lRE5QbVhqdHNadk00KzE5QUYvSWdvSGNyVW9zK05ibWt4cTlVN2R0dW1zV2R2MksrVnJUaUwzL3Ixb0dMClBZQVJYSDhXRU9aSWhIUUtTVE03S2cyMSsrS2pRWDhNckw3UkhzN2IzZXdMY1VSMXFWWE9yTktLYW5qVnBPc1EKYmZ0L1JmTVdMeU91SUZycU5qNW13dz09Ci0tLS0tRU5EIENFUlRJRklDQVRFLS0tLS0K",
                "password": "",
                "username": ""
              }
            ],
            "master_authorized_networks_config": [],
            "master_version": "1.21.6-gke.1503",
            "min_master_version": null,
            "monitoring_service": "monitoring.googleapis.com/kubernetes",
            "name": "test-cluster",
            "network": "projects/idyllic-silicon-343409/global/networks/default",
            "network_policy": [
              {
                "enabled": false,
                "provider": "PROVIDER_UNSPECIFIED"
              }
            ],
            "node_config": [],
            "node_locations": [],
            "node_pool": [],
            "node_version": "1.21.6-gke.1503",
            "operation": null,
            "pod_security_policy_config": [],
            "private_cluster_config": [],
            "project": "idyllic-silicon-343409",
            "release_channel": [
              {
                "channel": "REGULAR"
              }
            ],
            "remove_default_node_pool": true,
            "resource_labels": null,
            "resource_usage_export_config": [],
            "self_link": "https://container.googleapis.com/v1beta1/projects/idyllic-silicon-343409/zones/europe-west3-a/clusters/test-cluster",
            "services_ipv4_cidr": "10.12.0.0/20",
            "subnetwork": "projects/idyllic-silicon-343409/regions/europe-west3/subnetworks/default",
            "timeouts": null,
            "vertical_pod_autoscaling": [],
            "workload_identity_config": []
          },
          "sensitive_attributes": [],
          "private": "eyJlMmJmYjczMC1lY2FhLTExZTYtOGY4OC0zNDM2M2JjN2M0YzAiOnsiY3JlYXRlIjoyNDAwMDAwMDAwMDAwLCJkZWxldGUiOjI0MDAwMDAwMDAwMDAsInJlYWQiOjI0MDAwMDAwMDAwMDAsInVwZGF0ZSI6MzYwMDAwMDAwMDAwMH0sInNjaGVtYV92ZXJzaW9uIjoiMSJ9"
        }
      ]
    },
    {
      "mode": "managed",
      "type": "google_container_node_pool",
      "name": "default",
      "provider": "provider[\"registry.terraform.io/hashicorp/google\"]",
      "instances": [
        {
          "schema_version": 1,
          "attributes": {
            "autoscaling": [
              {
                "max_node_count": 4,
                "min_node_count": 2
              }
            ],
            "cluster": "test-cluster",
            "id": "projects/idyllic-silicon-343409/locations/europe-west3-a/clusters/test-cluster/nodePools/test-cluster-node-pool",
            "initial_node_count": 1,
            "instance_group_urls": [
              "https://www.googleapis.com/compute/v1/projects/idyllic-silicon-343409/zones/europe-west3-a/instanceGroupManagers/gke-test-cluster-test-cluster-node-po-dcd24e3f-grp"
            ],
            "location": "europe-west3-a",
            "management": [
              {
                "auto_repair": true,
                "auto_upgrade": true
              }
            ],
            "max_pods_per_node": 110,
            "name": "test-cluster-node-pool",
            "name_prefix": "",
            "node_config": [
              {
                "disk_size_gb": 100,
                "disk_type": "pd-standard",
                "guest_accelerator": [],
                "image_type": "COS_CONTAINERD",
                "labels": {},
                "local_ssd_count": 0,
                "machine_type": "e2-standard-4",
                "metadata": {
                  "disable-legacy-endpoints": "true"
                },
                "min_cpu_platform": "",
                "oauth_scopes": [
                  "https://www.googleapis.com/auth/cloud-platform",
                  "https://www.googleapis.com/auth/logging.write",
                  "https://www.googleapis.com/auth/monitoring"
                ],
                "preemptible": true,
                "service_account": "default",
                "shielded_instance_config": [
                  {
                    "enable_integrity_monitoring": true,
                    "enable_secure_boot": false
                  }
                ],
                "tags": null,
                "taint": [],
                "workload_metadata_config": []
              }
            ],
            "node_count": 1,
            "node_locations": [
              "europe-west3-a"
            ],
            "project": "idyllic-silicon-343409",
            "timeouts": null,
            "upgrade_settings": [
              {
                "max_surge": 1,
                "max_unavailable": 0
              }
            ],
            "version": "1.21.6-gke.1503"
          },
          "sensitive_attributes": [],
          "private": "eyJlMmJmYjczMC1lY2FhLTExZTYtOGY4OC0zNDM2M2JjN2M0YzAiOnsiY3JlYXRlIjoxODAwMDAwMDAwMDAwLCJkZWxldGUiOjE4MDAwMDAwMDAwMDAsInVwZGF0ZSI6MTgwMDAwMDAwMDAwMH0sInNjaGVtYV92ZXJzaW9uIjoiMSJ9",
          "dependencies": [
            "google_container_cluster.default"
          ]
        }
      ]
    }
  ]
}
